// !$*UTF8*$!
{
	archiveVersion = 1;
	classes = {
	};
	objectVersion = 56;
	objects = {

/* Begin PBXBuildFile section */
		E99EF3272A673E48001369F2 /* StopMultiplayerApp.swift in Sources */ = {isa = PBXBuildFile; fileRef = E99EF3262A673E48001369F2 /* StopMultiplayerApp.swift */; };
		E99EF3292A673E48001369F2 /* ContentView.swift in Sources */ = {isa = PBXBuildFile; fileRef = E99EF3282A673E48001369F2 /* ContentView.swift */; };
		E99EF32B2A673E49001369F2 /* Assets.xcassets in Resources */ = {isa = PBXBuildFile; fileRef = E99EF32A2A673E49001369F2 /* Assets.xcassets */; };
		E99EF32E2A673E49001369F2 /* Preview Assets.xcassets in Resources */ = {isa = PBXBuildFile; fileRef = E99EF32D2A673E49001369F2 /* Preview Assets.xcassets */; };
		E99EF3382A673F6F001369F2 /* MenuView.swift in Sources */ = {isa = PBXBuildFile; fileRef = E99EF3372A673F6E001369F2 /* MenuView.swift */; };
		E99EF33B2A673F82001369F2 /* MatchManager.swift in Sources */ = {isa = PBXBuildFile; fileRef = E99EF33A2A673F82001369F2 /* MatchManager.swift */; };
		E99EF33E2A674226001369F2 /* EverydayObjects.swift in Sources */ = {isa = PBXBuildFile; fileRef = E99EF33D2A674226001369F2 /* EverydayObjects.swift */; };
		E99EF3402A674232001369F2 /* Enums.swift in Sources */ = {isa = PBXBuildFile; fileRef = E99EF33F2A674232001369F2 /* Enums.swift */; };
		E99EF3432A674748001369F2 /* Color.swift in Sources */ = {isa = PBXBuildFile; fileRef = E99EF3422A674748001369F2 /* Color.swift */; };
		E99EF3452A674983001369F2 /* GameOverView.swift in Sources */ = {isa = PBXBuildFile; fileRef = E99EF3442A674983001369F2 /* GameOverView.swift */; };
		E99EF3492A674D23001369F2 /* GameView.swift in Sources */ = {isa = PBXBuildFile; fileRef = E99EF3482A674D23001369F2 /* GameView.swift */; };
		E99EF34C2A674DAC001369F2 /* GameViewModel.swift in Sources */ = {isa = PBXBuildFile; fileRef = E99EF34B2A674DAC001369F2 /* GameViewModel.swift */; };
		E99EF34E2A6752E5001369F2 /* DrawingView.swift in Sources */ = {isa = PBXBuildFile; fileRef = E99EF34D2A6752E5001369F2 /* DrawingView.swift */; };
		E9ED6C0A2A6873A500B3CC56 /* Manager+GKMatchmakerDelegate.swift in Sources */ = {isa = PBXBuildFile; fileRef = E9ED6C092A6873A500B3CC56 /* Manager+GKMatchmakerDelegate.swift */; };
		E9ED6C0C2A6875BA00B3CC56 /* Manager+GKMatchDelegate.swift in Sources */ = {isa = PBXBuildFile; fileRef = E9ED6C0B2A6875BA00B3CC56 /* Manager+GKMatchDelegate.swift */; };
/* End PBXBuildFile section */

/* Begin PBXFileReference section */
		E99EF3232A673E48001369F2 /* StopMultiplayer.app */ = {isa = PBXFileReference; explicitFileType = wrapper.application; includeInIndex = 0; path = StopMultiplayer.app; sourceTree = BUILT_PRODUCTS_DIR; };
		E99EF3262A673E48001369F2 /* StopMultiplayerApp.swift */ = {isa = PBXFileReference; lastKnownFileType = sourcecode.swift; path = StopMultiplayerApp.swift; sourceTree = "<group>"; };
		E99EF3282A673E48001369F2 /* ContentView.swift */ = {isa = PBXFileReference; lastKnownFileType = sourcecode.swift; path = ContentView.swift; sourceTree = "<group>"; };
		E99EF32A2A673E49001369F2 /* Assets.xcassets */ = {isa = PBXFileReference; lastKnownFileType = folder.assetcatalog; path = Assets.xcassets; sourceTree = "<group>"; };
		E99EF32D2A673E49001369F2 /* Preview Assets.xcassets */ = {isa = PBXFileReference; lastKnownFileType = folder.assetcatalog; path = "Preview Assets.xcassets"; sourceTree = "<group>"; };
		E99EF3372A673F6E001369F2 /* MenuView.swift */ = {isa = PBXFileReference; lastKnownFileType = sourcecode.swift; path = MenuView.swift; sourceTree = "<group>"; };
		E99EF33A2A673F82001369F2 /* MatchManager.swift */ = {isa = PBXFileReference; lastKnownFileType = sourcecode.swift; path = MatchManager.swift; sourceTree = "<group>"; };
		E99EF33D2A674226001369F2 /* EverydayObjects.swift */ = {isa = PBXFileReference; lastKnownFileType = sourcecode.swift; path = EverydayObjects.swift; sourceTree = "<group>"; };
		E99EF33F2A674232001369F2 /* Enums.swift */ = {isa = PBXFileReference; lastKnownFileType = sourcecode.swift; path = Enums.swift; sourceTree = "<group>"; };
		E99EF3422A674748001369F2 /* Color.swift */ = {isa = PBXFileReference; lastKnownFileType = sourcecode.swift; path = Color.swift; sourceTree = "<group>"; };
		E99EF3442A674983001369F2 /* GameOverView.swift */ = {isa = PBXFileReference; lastKnownFileType = sourcecode.swift; path = GameOverView.swift; sourceTree = "<group>"; };
		E99EF3482A674D23001369F2 /* GameView.swift */ = {isa = PBXFileReference; lastKnownFileType = sourcecode.swift; path = GameView.swift; sourceTree = "<group>"; };
		E99EF34B2A674DAC001369F2 /* GameViewModel.swift */ = {isa = PBXFileReference; lastKnownFileType = sourcecode.swift; path = GameViewModel.swift; sourceTree = "<group>"; };
		E99EF34D2A6752E5001369F2 /* DrawingView.swift */ = {isa = PBXFileReference; lastKnownFileType = sourcecode.swift; path = DrawingView.swift; sourceTree = "<group>"; };
		E99EF34F2A676614001369F2 /* StopMultiplayer.entitlements */ = {isa = PBXFileReference; lastKnownFileType = text.plist.entitlements; path = StopMultiplayer.entitlements; sourceTree = "<group>"; };
		E9ED6C092A6873A500B3CC56 /* Manager+GKMatchmakerDelegate.swift */ = {isa = PBXFileReference; lastKnownFileType = sourcecode.swift; path = "Manager+GKMatchmakerDelegate.swift"; sourceTree = "<group>"; };
		E9ED6C0B2A6875BA00B3CC56 /* Manager+GKMatchDelegate.swift */ = {isa = PBXFileReference; lastKnownFileType = sourcecode.swift; path = "Manager+GKMatchDelegate.swift"; sourceTree = "<group>"; };
/* End PBXFileReference section */

/* Begin PBXFrameworksBuildPhase section */
		E99EF3202A673E48001369F2 /* Frameworks */ = {
			isa = PBXFrameworksBuildPhase;
			buildActionMask = 2147483647;
			files = (
			);
			runOnlyForDeploymentPostprocessing = 0;
		};
/* End PBXFrameworksBuildPhase section */

/* Begin PBXGroup section */
		E99EF31A2A673E48001369F2 = {
			isa = PBXGroup;
			children = (
				E99EF3252A673E48001369F2 /* StopMultiplayer */,
				E99EF3242A673E48001369F2 /* Products */,
			);
			sourceTree = "<group>";
		};
		E99EF3242A673E48001369F2 /* Products */ = {
			isa = PBXGroup;
			children = (
				E99EF3232A673E48001369F2 /* StopMultiplayer.app */,
			);
			name = Products;
			sourceTree = "<group>";
		};
		E99EF3252A673E48001369F2 /* StopMultiplayer */ = {
			isa = PBXGroup;
			children = (
				E99EF34F2A676614001369F2 /* StopMultiplayer.entitlements */,
				E99EF3412A67473A001369F2 /* Extentions */,
				E99EF33C2A673F8A001369F2 /* Utilities */,
				E99EF3392A673F73001369F2 /* Managers */,
				E99EF3342A673F56001369F2 /* Core */,
				E99EF3262A673E48001369F2 /* StopMultiplayerApp.swift */,
				E99EF3282A673E48001369F2 /* ContentView.swift */,
				E99EF32A2A673E49001369F2 /* Assets.xcassets */,
				E99EF32C2A673E49001369F2 /* Preview Content */,
			);
			path = StopMultiplayer;
			sourceTree = "<group>";
		};
		E99EF32C2A673E49001369F2 /* Preview Content */ = {
			isa = PBXGroup;
			children = (
				E99EF32D2A673E49001369F2 /* Preview Assets.xcassets */,
			);
			path = "Preview Content";
			sourceTree = "<group>";
		};
		E99EF3342A673F56001369F2 /* Core */ = {
			isa = PBXGroup;
			children = (
				E99EF3462A674D10001369F2 /* Game */,
				E99EF3352A673F5B001369F2 /* Menu */,
			);
			path = Core;
			sourceTree = "<group>";
		};
		E99EF3352A673F5B001369F2 /* Menu */ = {
			isa = PBXGroup;
			children = (
				E99EF3362A673F62001369F2 /* Views */,
			);
			path = Menu;
			sourceTree = "<group>";
		};
		E99EF3362A673F62001369F2 /* Views */ = {
			isa = PBXGroup;
			children = (
				E99EF3372A673F6E001369F2 /* MenuView.swift */,
				E99EF3442A674983001369F2 /* GameOverView.swift */,
			);
			path = Views;
			sourceTree = "<group>";
		};
		E99EF3392A673F73001369F2 /* Managers */ = {
			isa = PBXGroup;
			children = (
				E99EF33A2A673F82001369F2 /* MatchManager.swift */,
				E9ED6C092A6873A500B3CC56 /* Manager+GKMatchmakerDelegate.swift */,
				E9ED6C0B2A6875BA00B3CC56 /* Manager+GKMatchDelegate.swift */,
			);
			path = Managers;
			sourceTree = "<group>";
		};
		E99EF33C2A673F8A001369F2 /* Utilities */ = {
			isa = PBXGroup;
			children = (
				E99EF33D2A674226001369F2 /* EverydayObjects.swift */,
				E99EF33F2A674232001369F2 /* Enums.swift */,
			);
			path = Utilities;
			sourceTree = "<group>";
		};
		E99EF3412A67473A001369F2 /* Extentions */ = {
			isa = PBXGroup;
			children = (
				E99EF3422A674748001369F2 /* Color.swift */,
			);
			path = Extentions;
			sourceTree = "<group>";
		};
		E99EF3462A674D10001369F2 /* Game */ = {
			isa = PBXGroup;
			children = (
				E99EF34A2A674D85001369F2 /* ViewModel */,
				E99EF3472A674D18001369F2 /* Views */,
			);
			path = Game;
			sourceTree = "<group>";
		};
		E99EF3472A674D18001369F2 /* Views */ = {
			isa = PBXGroup;
			children = (
				E99EF3482A674D23001369F2 /* GameView.swift */,
				E99EF34D2A6752E5001369F2 /* DrawingView.swift */,
			);
			path = Views;
			sourceTree = "<group>";
		};
		E99EF34A2A674D85001369F2 /* ViewModel */ = {
			isa = PBXGroup;
			children = (
				E99EF34B2A674DAC001369F2 /* GameViewModel.swift */,
			);
			path = ViewModel;
			sourceTree = "<group>";
		};
/* End PBXGroup section */

/* Begin PBXNativeTarget section */
		E99EF3222A673E48001369F2 /* StopMultiplayer */ = {
			isa = PBXNativeTarget;
			buildConfigurationList = E99EF3312A673E49001369F2 /* Build configuration list for PBXNativeTarget "StopMultiplayer" */;
			buildPhases = (
				E99EF31F2A673E48001369F2 /* Sources */,
				E99EF3202A673E48001369F2 /* Frameworks */,
				E99EF3212A673E48001369F2 /* Resources */,
			);
			buildRules = (
			);
			dependencies = (
			);
			name = StopMultiplayer;
			productName = StopMultiplayer;
			productReference = E99EF3232A673E48001369F2 /* StopMultiplayer.app */;
			productType = "com.apple.product-type.application";
		};
/* End PBXNativeTarget section */

/* Begin PBXProject section */
		E99EF31B2A673E48001369F2 /* Project object */ = {
			isa = PBXProject;
			attributes = {
				BuildIndependentTargetsInParallel = 1;
				LastSwiftUpdateCheck = 1430;
				LastUpgradeCheck = 1430;
				TargetAttributes = {
					E99EF3222A673E48001369F2 = {
						CreatedOnToolsVersion = 14.3;
					};
				};
			};
			buildConfigurationList = E99EF31E2A673E48001369F2 /* Build configuration list for PBXProject "StopMultiplayer" */;
			compatibilityVersion = "Xcode 14.0";
			developmentRegion = en;
			hasScannedForEncodings = 0;
			knownRegions = (
				en,
				Base,
			);
			mainGroup = E99EF31A2A673E48001369F2;
			productRefGroup = E99EF3242A673E48001369F2 /* Products */;
			projectDirPath = "";
			projectRoot = "";
			targets = (
				E99EF3222A673E48001369F2 /* StopMultiplayer */,
			);
		};
/* End PBXProject section */

/* Begin PBXResourcesBuildPhase section */
		E99EF3212A673E48001369F2 /* Resources */ = {
			isa = PBXResourcesBuildPhase;
			buildActionMask = 2147483647;
			files = (
				E99EF32E2A673E49001369F2 /* Preview Assets.xcassets in Resources */,
				E99EF32B2A673E49001369F2 /* Assets.xcassets in Resources */,
			);
			runOnlyForDeploymentPostprocessing = 0;
		};
/* End PBXResourcesBuildPhase section */

/* Begin PBXSourcesBuildPhase section */
		E99EF31F2A673E48001369F2 /* Sources */ = {
			isa = PBXSourcesBuildPhase;
			buildActionMask = 2147483647;
			files = (
				E99EF3292A673E48001369F2 /* ContentView.swift in Sources */,
				E99EF33B2A673F82001369F2 /* MatchManager.swift in Sources */,
				E9ED6C0C2A6875BA00B3CC56 /* Manager+GKMatchDelegate.swift in Sources */,
				E99EF3432A674748001369F2 /* Color.swift in Sources */,
				E99EF3382A673F6F001369F2 /* MenuView.swift in Sources */,
				E99EF3492A674D23001369F2 /* GameView.swift in Sources */,
				E9ED6C0A2A6873A500B3CC56 /* Manager+GKMatchmakerDelegate.swift in Sources */,
				E99EF3272A673E48001369F2 /* StopMultiplayerApp.swift in Sources */,
				E99EF3402A674232001369F2 /* Enums.swift in Sources */,
				E99EF3452A674983001369F2 /* GameOverView.swift in Sources */,
				E99EF34C2A674DAC001369F2 /* GameViewModel.swift in Sources */,
				E99EF34E2A6752E5001369F2 /* DrawingView.swift in Sources */,
				E99EF33E2A674226001369F2 /* EverydayObjects.swift in Sources */,
			);
			runOnlyForDeploymentPostprocessing = 0;
		};
/* End PBXSourcesBuildPhase section */

/* Begin XCBuildConfiguration section */
		E99EF32F2A673E49001369F2 /* Debug */ = {
			isa = XCBuildConfiguration;
			buildSettings = {
				ALWAYS_SEARCH_USER_PATHS = NO;
				CLANG_ANALYZER_NONNULL = YES;
				CLANG_ANALYZER_NUMBER_OBJECT_CONVERSION = YES_AGGRESSIVE;
				CLANG_CXX_LANGUAGE_STANDARD = "gnu++20";
				CLANG_ENABLE_MODULES = YES;
				CLANG_ENABLE_OBJC_ARC = YES;
				CLANG_ENABLE_OBJC_WEAK = YES;
				CLANG_WARN_BLOCK_CAPTURE_AUTORELEASING = YES;
				CLANG_WARN_BOOL_CONVERSION = YES;
				CLANG_WARN_COMMA = YES;
				CLANG_WARN_CONSTANT_CONVERSION = YES;
				CLANG_WARN_DEPRECATED_OBJC_IMPLEMENTATIONS = YES;
				CLANG_WARN_DIRECT_OBJC_ISA_USAGE = YES_ERROR;
				CLANG_WARN_DOCUMENTATION_COMMENTS = YES;
				CLANG_WARN_EMPTY_BODY = YES;
				CLANG_WARN_ENUM_CONVERSION = YES;
				CLANG_WARN_INFINITE_RECURSION = YES;
				CLANG_WARN_INT_CONVERSION = YES;
				CLANG_WARN_NON_LITERAL_NULL_CONVERSION = YES;
				CLANG_WARN_OBJC_IMPLICIT_RETAIN_SELF = YES;
				CLANG_WARN_OBJC_LITERAL_CONVERSION = YES;
				CLANG_WARN_OBJC_ROOT_CLASS = YES_ERROR;
				CLANG_WARN_QUOTED_INCLUDE_IN_FRAMEWORK_HEADER = YES;
				CLANG_WARN_RANGE_LOOP_ANALYSIS = YES;
				CLANG_WARN_STRICT_PROTOTYPES = YES;
				CLANG_WARN_SUSPICIOUS_MOVE = YES;
				CLANG_WARN_UNGUARDED_AVAILABILITY = YES_AGGRESSIVE;
				CLANG_WARN_UNREACHABLE_CODE = YES;
				CLANG_WARN__DUPLICATE_METHOD_MATCH = YES;
				COPY_PHASE_STRIP = NO;
				DEBUG_INFORMATION_FORMAT = dwarf;
				ENABLE_STRICT_OBJC_MSGSEND = YES;
				ENABLE_TESTABILITY = YES;
				GCC_C_LANGUAGE_STANDARD = gnu11;
				GCC_DYNAMIC_NO_PIC = NO;
				GCC_NO_COMMON_BLOCKS = YES;
				GCC_OPTIMIZATION_LEVEL = 0;
				GCC_PREPROCESSOR_DEFINITIONS = (
					"DEBUG=1",
					"$(inherited)",
				);
				GCC_WARN_64_TO_32_BIT_CONVERSION = YES;
				GCC_WARN_ABOUT_RETURN_TYPE = YES_ERROR;
				GCC_WARN_UNDECLARED_SELECTOR = YES;
				GCC_WARN_UNINITIALIZED_AUTOS = YES_AGGRESSIVE;
				GCC_WARN_UNUSED_FUNCTION = YES;
				GCC_WARN_UNUSED_VARIABLE = YES;
				IPHONEOS_DEPLOYMENT_TARGET = 16.4;
				MTL_ENABLE_DEBUG_INFO = INCLUDE_SOURCE;
				MTL_FAST_MATH = YES;
				ONLY_ACTIVE_ARCH = YES;
				SDKROOT = iphoneos;
				SWIFT_ACTIVE_COMPILATION_CONDITIONS = DEBUG;
				SWIFT_OPTIMIZATION_LEVEL = "-Onone";
			};
			name = Debug;
		};
		E99EF3302A673E49001369F2 /* Release */ = {
			isa = XCBuildConfiguration;
			buildSettings = {
				ALWAYS_SEARCH_USER_PATHS = NO;
				CLANG_ANALYZER_NONNULL = YES;
				CLANG_ANALYZER_NUMBER_OBJECT_CONVERSION = YES_AGGRESSIVE;
				CLANG_CXX_LANGUAGE_STANDARD = "gnu++20";
				CLANG_ENABLE_MODULES = YES;
				CLANG_ENABLE_OBJC_ARC = YES;
				CLANG_ENABLE_OBJC_WEAK = YES;
				CLANG_WARN_BLOCK_CAPTURE_AUTORELEASING = YES;
				CLANG_WARN_BOOL_CONVERSION = YES;
				CLANG_WARN_COMMA = YES;
				CLANG_WARN_CONSTANT_CONVERSION = YES;
				CLANG_WARN_DEPRECATED_OBJC_IMPLEMENTATIONS = YES;
				CLANG_WARN_DIRECT_OBJC_ISA_USAGE = YES_ERROR;
				CLANG_WARN_DOCUMENTATION_COMMENTS = YES;
				CLANG_WARN_EMPTY_BODY = YES;
				CLANG_WARN_ENUM_CONVERSION = YES;
				CLANG_WARN_INFINITE_RECURSION = YES;
				CLANG_WARN_INT_CONVERSION = YES;
				CLANG_WARN_NON_LITERAL_NULL_CONVERSION = YES;
				CLANG_WARN_OBJC_IMPLICIT_RETAIN_SELF = YES;
				CLANG_WARN_OBJC_LITERAL_CONVERSION = YES;
				CLANG_WARN_OBJC_ROOT_CLASS = YES_ERROR;
				CLANG_WARN_QUOTED_INCLUDE_IN_FRAMEWORK_HEADER = YES;
				CLANG_WARN_RANGE_LOOP_ANALYSIS = YES;
				CLANG_WARN_STRICT_PROTOTYPES = YES;
				CLANG_WARN_SUSPICIOUS_MOVE = YES;
				CLANG_WARN_UNGUARDED_AVAILABILITY = YES_AGGRESSIVE;
				CLANG_WARN_UNREACHABLE_CODE = YES;
				CLANG_WARN__DUPLICATE_METHOD_MATCH = YES;
				COPY_PHASE_STRIP = NO;
				DEBUG_INFORMATION_FORMAT = "dwarf-with-dsym";
				ENABLE_NS_ASSERTIONS = NO;
				ENABLE_STRICT_OBJC_MSGSEND = YES;
				GCC_C_LANGUAGE_STANDARD = gnu11;
				GCC_NO_COMMON_BLOCKS = YES;
				GCC_WARN_64_TO_32_BIT_CONVERSION = YES;
				GCC_WARN_ABOUT_RETURN_TYPE = YES_ERROR;
				GCC_WARN_UNDECLARED_SELECTOR = YES;
				GCC_WARN_UNINITIALIZED_AUTOS = YES_AGGRESSIVE;
				GCC_WARN_UNUSED_FUNCTION = YES;
				GCC_WARN_UNUSED_VARIABLE = YES;
				IPHONEOS_DEPLOYMENT_TARGET = 16.4;
				MTL_ENABLE_DEBUG_INFO = NO;
				MTL_FAST_MATH = YES;
				SDKROOT = iphoneos;
				SWIFT_COMPILATION_MODE = wholemodule;
				SWIFT_OPTIMIZATION_LEVEL = "-O";
				VALIDATE_PRODUCT = YES;
			};
			name = Release;
		};
		E99EF3322A673E49001369F2 /* Debug */ = {
			isa = XCBuildConfiguration;
			buildSettings = {
				ASSETCATALOG_COMPILER_APPICON_NAME = AppIcon;
				ASSETCATALOG_COMPILER_GLOBAL_ACCENT_COLOR_NAME = AccentColor;
				CODE_SIGN_ENTITLEMENTS = StopMultiplayer/StopMultiplayer.entitlements;
				CODE_SIGN_STYLE = Automatic;
				CURRENT_PROJECT_VERSION = 1;
				DEVELOPMENT_ASSET_PATHS = "\"StopMultiplayer/Preview Content\"";
				DEVELOPMENT_TEAM = 5S88AY6J4R;
				ENABLE_PREVIEWS = YES;
				GENERATE_INFOPLIST_FILE = YES;
				INFOPLIST_KEY_UIApplicationSceneManifest_Generation = YES;
				INFOPLIST_KEY_UIApplicationSupportsIndirectInputEvents = YES;
				INFOPLIST_KEY_UILaunchScreen_Generation = YES;
				INFOPLIST_KEY_UISupportedInterfaceOrientations_iPad = "UIInterfaceOrientationPortrait UIInterfaceOrientationPortraitUpsideDown UIInterfaceOrientationLandscapeLeft UIInterfaceOrientationLandscapeRight";
				INFOPLIST_KEY_UISupportedInterfaceOrientations_iPhone = "UIInterfaceOrientationPortrait UIInterfaceOrientationLandscapeLeft UIInterfaceOrientationLandscapeRight";
				LD_RUNPATH_SEARCH_PATHS = (
					"$(inherited)",
					"@executable_path/Frameworks",
				);
				MARKETING_VERSION = 1.0;
				PRODUCT_BUNDLE_IDENTIFIER = br.ufpe.cin.academy.tmc4.StopMultiplayer;
				PRODUCT_NAME = "$(TARGET_NAME)";
				SWIFT_EMIT_LOC_STRINGS = YES;
				SWIFT_VERSION = 5.0;
				TARGETED_DEVICE_FAMILY = "1,2";
			};
			name = Debug;
		};
		E99EF3332A673E49001369F2 /* Release */ = {
			isa = XCBuildConfiguration;
			buildSettings = {
				ASSETCATALOG_COMPILER_APPICON_NAME = AppIcon;
				ASSETCATALOG_COMPILER_GLOBAL_ACCENT_COLOR_NAME = AccentColor;
				CODE_SIGN_ENTITLEMENTS = StopMultiplayer/StopMultiplayer.entitlements;
				CODE_SIGN_STYLE = Automatic;
				CURRENT_PROJECT_VERSION = 1;
				DEVELOPMENT_ASSET_PATHS = "\"StopMultiplayer/Preview Content\"";
				DEVELOPMENT_TEAM = 5S88AY6J4R;
				ENABLE_PREVIEWS = YES;
				GENERATE_INFOPLIST_FILE = YES;
				INFOPLIST_KEY_UIApplicationSceneManifest_Generation = YES;
				INFOPLIST_KEY_UIApplicationSupportsIndirectInputEvents = YES;
				INFOPLIST_KEY_UILaunchScreen_Generation = YES;
				INFOPLIST_KEY_UISupportedInterfaceOrientations_iPad = "UIInterfaceOrientationPortrait UIInterfaceOrientationPortraitUpsideDown UIInterfaceOrientationLandscapeLeft UIInterfaceOrientationLandscapeRight";
				INFOPLIST_KEY_UISupportedInterfaceOrientations_iPhone = "UIInterfaceOrientationPortrait UIInterfaceOrientationLandscapeLeft UIInterfaceOrientationLandscapeRight";
				LD_RUNPATH_SEARCH_PATHS = (
					"$(inherited)",
					"@executable_path/Frameworks",
				);
				MARKETING_VERSION = 1.0;
				PRODUCT_BUNDLE_IDENTIFIER = br.ufpe.cin.academy.tmc4.StopMultiplayer;
				PRODUCT_NAME = "$(TARGET_NAME)";
				SWIFT_EMIT_LOC_STRINGS = YES;
				SWIFT_VERSION = 5.0;
				TARGETED_DEVICE_FAMILY = "1,2";
			};
			name = Release;
		};
/* End XCBuildConfiguration section */

/* Begin XCConfigurationList section */
		E99EF31E2A673E48001369F2 /* Build configuration list for PBXProject "StopMultiplayer" */ = {
			isa = XCConfigurationList;
			buildConfigurations = (
				E99EF32F2A673E49001369F2 /* Debug */,
				E99EF3302A673E49001369F2 /* Release */,
			);
			defaultConfigurationIsVisible = 0;
			defaultConfigurationName = Release;
		};
		E99EF3312A673E49001369F2 /* Build configuration list for PBXNativeTarget "StopMultiplayer" */ = {
			isa = XCConfigurationList;
			buildConfigurations = (
				E99EF3322A673E49001369F2 /* Debug */,
				E99EF3332A673E49001369F2 /* Release */,
			);
			defaultConfigurationIsVisible = 0;
			defaultConfigurationName = Release;
		};
/* End XCConfigurationList section */
	};
	rootObject = E99EF31B2A673E48001369F2 /* Project object */;
}
